// !$*UTF8*$!
{
	archiveVersion = 1;
	classes = {
	};
	objectVersion = 48;
	objects = {

/* Begin PBXBuildFile section */
		7567B8DF20CF4A0600EAE063 /* NSURL+WJDURL.m in Sources */ = {isa = PBXBuildFile; fileRef = 7567B8DE20CF4A0600EAE063 /* NSURL+WJDURL.m */; };
		7567B8E220CF67B200EAE063 /* WJDDeviceTool.m in Sources */ = {isa = PBXBuildFile; fileRef = 7567B8E120CF67B200EAE063 /* WJDDeviceTool.m */; };
		7580FCE9218EAE1200F926E7 /* WJDWaterfallLayout.m in Sources */ = {isa = PBXBuildFile; fileRef = 7580FCE8218EAE1200F926E7 /* WJDWaterfallLayout.m */; };
		75A351A320CA207B006FC7BC /* WJDTabBarVC.m in Sources */ = {isa = PBXBuildFile; fileRef = 75A351A220CA207B006FC7BC /* WJDTabBarVC.m */; };
		75A351A620CA20A7006FC7BC /* WJDNavigationVC.m in Sources */ = {isa = PBXBuildFile; fileRef = 75A351A520CA20A7006FC7BC /* WJDNavigationVC.m */; };
		75A351A920CA20D7006FC7BC /* WJDBaseViewController.m in Sources */ = {isa = PBXBuildFile; fileRef = 75A351A820CA20D7006FC7BC /* WJDBaseViewController.m */; };
		75A351AC20CA2155006FC7BC /* ViewController.m in Sources */ = {isa = PBXBuildFile; fileRef = 75A351AB20CA2155006FC7BC /* ViewController.m */; };
		75A351AF20CA6DE3006FC7BC /* WJDTabBar.m in Sources */ = {isa = PBXBuildFile; fileRef = 75A351AE20CA6DE3006FC7BC /* WJDTabBar.m */; };
		75A351B320CA6E97006FC7BC /* UIView+Frame.m in Sources */ = {isa = PBXBuildFile; fileRef = 75A351B220CA6E97006FC7BC /* UIView+Frame.m */; };
		75BEB62920CE46BC0061D031 /* WJDReflection.m in Sources */ = {isa = PBXBuildFile; fileRef = 75BEB62820CE46BC0061D031 /* WJDReflection.m */; };
		75BEB62C20CE58C30061D031 /* WJDBaseModel.m in Sources */ = {isa = PBXBuildFile; fileRef = 75BEB62B20CE58C30061D031 /* WJDBaseModel.m */; };
		75D260492020081400605DAD /* AppDelegate.m in Sources */ = {isa = PBXBuildFile; fileRef = 75D260482020081400605DAD /* AppDelegate.m */; };
		75D2604F2020081400605DAD /* Main.storyboard in Resources */ = {isa = PBXBuildFile; fileRef = 75D2604D2020081400605DAD /* Main.storyboard */; };
		75D260512020081400605DAD /* Assets.xcassets in Resources */ = {isa = PBXBuildFile; fileRef = 75D260502020081400605DAD /* Assets.xcassets */; };
		75D260542020081400605DAD /* LaunchScreen.storyboard in Resources */ = {isa = PBXBuildFile; fileRef = 75D260522020081400605DAD /* LaunchScreen.storyboard */; };
		75D260572020081400605DAD /* main.m in Sources */ = {isa = PBXBuildFile; fileRef = 75D260562020081400605DAD /* main.m */; };
		75D260612020081400605DAD /* MyFirstProjectTests.m in Sources */ = {isa = PBXBuildFile; fileRef = 75D260602020081400605DAD /* MyFirstProjectTests.m */; };
		75D2606C2020081400605DAD /* MyFirstProjectUITests.m in Sources */ = {isa = PBXBuildFile; fileRef = 75D2606B2020081400605DAD /* MyFirstProjectUITests.m */; };
		75FD576720EC5FED00CBD210 /* WJDNavigationView.m in Sources */ = {isa = PBXBuildFile; fileRef = 75FD576620EC5FED00CBD210 /* WJDNavigationView.m */; };
		75FD576A20EC601B00CBD210 /* WJDNavigationItem.m in Sources */ = {isa = PBXBuildFile; fileRef = 75FD576920EC601B00CBD210 /* WJDNavigationItem.m */; };
/* End PBXBuildFile section */

/* Begin PBXContainerItemProxy section */
		75D2605D2020081400605DAD /* PBXContainerItemProxy */ = {
			isa = PBXContainerItemProxy;
			containerPortal = 75D2603C2020081400605DAD /* Project object */;
			proxyType = 1;
			remoteGlobalIDString = 75D260432020081400605DAD;
			remoteInfo = MyFirstProject;
		};
		75D260682020081400605DAD /* PBXContainerItemProxy */ = {
			isa = PBXContainerItemProxy;
			containerPortal = 75D2603C2020081400605DAD /* Project object */;
			proxyType = 1;
			remoteGlobalIDString = 75D260432020081400605DAD;
			remoteInfo = MyFirstProject;
		};
/* End PBXContainerItemProxy section */

/* Begin PBXFileReference section */
		7567B8DD20CF4A0600EAE063 /* NSURL+WJDURL.h */ = {isa = PBXFileReference; lastKnownFileType = sourcecode.c.h; path = "NSURL+WJDURL.h"; sourceTree = "<group>"; };
		7567B8DE20CF4A0600EAE063 /* NSURL+WJDURL.m */ = {isa = PBXFileReference; lastKnownFileType = sourcecode.c.objc; path = "NSURL+WJDURL.m"; sourceTree = "<group>"; };
		7567B8E020CF67B200EAE063 /* WJDDeviceTool.h */ = {isa = PBXFileReference; lastKnownFileType = sourcecode.c.h; path = WJDDeviceTool.h; sourceTree = "<group>"; };
		7567B8E120CF67B200EAE063 /* WJDDeviceTool.m */ = {isa = PBXFileReference; lastKnownFileType = sourcecode.c.objc; path = WJDDeviceTool.m; sourceTree = "<group>"; };
		7580FCE7218EAE1200F926E7 /* WJDWaterfallLayout.h */ = {isa = PBXFileReference; lastKnownFileType = sourcecode.c.h; path = WJDWaterfallLayout.h; sourceTree = "<group>"; };
		7580FCE8218EAE1200F926E7 /* WJDWaterfallLayout.m */ = {isa = PBXFileReference; lastKnownFileType = sourcecode.c.objc; path = WJDWaterfallLayout.m; sourceTree = "<group>"; };
		75A351A120CA207B006FC7BC /* WJDTabBarVC.h */ = {isa = PBXFileReference; lastKnownFileType = sourcecode.c.h; path = WJDTabBarVC.h; sourceTree = "<group>"; };
		75A351A220CA207B006FC7BC /* WJDTabBarVC.m */ = {isa = PBXFileReference; lastKnownFileType = sourcecode.c.objc; path = WJDTabBarVC.m; sourceTree = "<group>"; };
		75A351A420CA20A7006FC7BC /* WJDNavigationVC.h */ = {isa = PBXFileReference; lastKnownFileType = sourcecode.c.h; path = WJDNavigationVC.h; sourceTree = "<group>"; };
		75A351A520CA20A7006FC7BC /* WJDNavigationVC.m */ = {isa = PBXFileReference; lastKnownFileType = sourcecode.c.objc; path = WJDNavigationVC.m; sourceTree = "<group>"; };
		75A351A720CA20D7006FC7BC /* WJDBaseViewController.h */ = {isa = PBXFileReference; lastKnownFileType = sourcecode.c.h; path = WJDBaseViewController.h; sourceTree = "<group>"; };
		75A351A820CA20D7006FC7BC /* WJDBaseViewController.m */ = {isa = PBXFileReference; lastKnownFileType = sourcecode.c.objc; path = WJDBaseViewController.m; sourceTree = "<group>"; };
		75A351AA20CA2155006FC7BC /* ViewController.h */ = {isa = PBXFileReference; lastKnownFileType = sourcecode.c.h; path = ViewController.h; sourceTree = "<group>"; };
		75A351AB20CA2155006FC7BC /* ViewController.m */ = {isa = PBXFileReference; lastKnownFileType = sourcecode.c.objc; path = ViewController.m; sourceTree = "<group>"; };
		75A351AD20CA6DE3006FC7BC /* WJDTabBar.h */ = {isa = PBXFileReference; lastKnownFileType = sourcecode.c.h; path = WJDTabBar.h; sourceTree = "<group>"; };
		75A351AE20CA6DE3006FC7BC /* WJDTabBar.m */ = {isa = PBXFileReference; lastKnownFileType = sourcecode.c.objc; path = WJDTabBar.m; sourceTree = "<group>"; };
		75A351B120CA6E97006FC7BC /* UIView+Frame.h */ = {isa = PBXFileReference; lastKnownFileType = sourcecode.c.h; path = "UIView+Frame.h"; sourceTree = "<group>"; };
		75A351B220CA6E97006FC7BC /* UIView+Frame.m */ = {isa = PBXFileReference; lastKnownFileType = sourcecode.c.objc; path = "UIView+Frame.m"; sourceTree = "<group>"; };
		75A351B620CA743B006FC7BC /* CommonHeader.h */ = {isa = PBXFileReference; lastKnownFileType = sourcecode.c.h; path = CommonHeader.h; sourceTree = "<group>"; };
		75BEB62720CE46BC0061D031 /* WJDReflection.h */ = {isa = PBXFileReference; lastKnownFileType = sourcecode.c.h; path = WJDReflection.h; sourceTree = "<group>"; };
		75BEB62820CE46BC0061D031 /* WJDReflection.m */ = {isa = PBXFileReference; lastKnownFileType = sourcecode.c.objc; path = WJDReflection.m; sourceTree = "<group>"; };
		75BEB62A20CE58C30061D031 /* WJDBaseModel.h */ = {isa = PBXFileReference; lastKnownFileType = sourcecode.c.h; path = WJDBaseModel.h; sourceTree = "<group>"; };
		75BEB62B20CE58C30061D031 /* WJDBaseModel.m */ = {isa = PBXFileReference; lastKnownFileType = sourcecode.c.objc; path = WJDBaseModel.m; sourceTree = "<group>"; };
		75D260442020081400605DAD /* MyFirstProject.app */ = {isa = PBXFileReference; explicitFileType = wrapper.application; includeInIndex = 0; path = MyFirstProject.app; sourceTree = BUILT_PRODUCTS_DIR; };
		75D260472020081400605DAD /* AppDelegate.h */ = {isa = PBXFileReference; lastKnownFileType = sourcecode.c.h; path = AppDelegate.h; sourceTree = "<group>"; };
		75D260482020081400605DAD /* AppDelegate.m */ = {isa = PBXFileReference; lastKnownFileType = sourcecode.c.objc; path = AppDelegate.m; sourceTree = "<group>"; };
		75D2604E2020081400605DAD /* Base */ = {isa = PBXFileReference; lastKnownFileType = file.storyboard; name = Base; path = Base.lproj/Main.storyboard; sourceTree = "<group>"; };
		75D260502020081400605DAD /* Assets.xcassets */ = {isa = PBXFileReference; lastKnownFileType = folder.assetcatalog; path = Assets.xcassets; sourceTree = "<group>"; };
		75D260532020081400605DAD /* Base */ = {isa = PBXFileReference; lastKnownFileType = file.storyboard; name = Base; path = Base.lproj/LaunchScreen.storyboard; sourceTree = "<group>"; };
		75D260552020081400605DAD /* Info.plist */ = {isa = PBXFileReference; lastKnownFileType = text.plist.xml; path = Info.plist; sourceTree = "<group>"; };
		75D260562020081400605DAD /* main.m */ = {isa = PBXFileReference; lastKnownFileType = sourcecode.c.objc; path = main.m; sourceTree = "<group>"; };
		75D2605C2020081400605DAD /* MyFirstProjectTests.xctest */ = {isa = PBXFileReference; explicitFileType = wrapper.cfbundle; includeInIndex = 0; path = MyFirstProjectTests.xctest; sourceTree = BUILT_PRODUCTS_DIR; };
		75D260602020081400605DAD /* MyFirstProjectTests.m */ = {isa = PBXFileReference; lastKnownFileType = sourcecode.c.objc; path = MyFirstProjectTests.m; sourceTree = "<group>"; };
		75D260622020081400605DAD /* Info.plist */ = {isa = PBXFileReference; lastKnownFileType = text.plist.xml; path = Info.plist; sourceTree = "<group>"; };
		75D260672020081400605DAD /* MyFirstProjectUITests.xctest */ = {isa = PBXFileReference; explicitFileType = wrapper.cfbundle; includeInIndex = 0; path = MyFirstProjectUITests.xctest; sourceTree = BUILT_PRODUCTS_DIR; };
		75D2606B2020081400605DAD /* MyFirstProjectUITests.m */ = {isa = PBXFileReference; lastKnownFileType = sourcecode.c.objc; path = MyFirstProjectUITests.m; sourceTree = "<group>"; };
		75D2606D2020081400605DAD /* Info.plist */ = {isa = PBXFileReference; lastKnownFileType = text.plist.xml; path = Info.plist; sourceTree = "<group>"; };
		75FD576520EC5FED00CBD210 /* WJDNavigationView.h */ = {isa = PBXFileReference; lastKnownFileType = sourcecode.c.h; path = WJDNavigationView.h; sourceTree = "<group>"; };
		75FD576620EC5FED00CBD210 /* WJDNavigationView.m */ = {isa = PBXFileReference; lastKnownFileType = sourcecode.c.objc; path = WJDNavigationView.m; sourceTree = "<group>"; };
		75FD576820EC601B00CBD210 /* WJDNavigationItem.h */ = {isa = PBXFileReference; lastKnownFileType = sourcecode.c.h; path = WJDNavigationItem.h; sourceTree = "<group>"; };
		75FD576920EC601B00CBD210 /* WJDNavigationItem.m */ = {isa = PBXFileReference; lastKnownFileType = sourcecode.c.objc; path = WJDNavigationItem.m; sourceTree = "<group>"; };
/* End PBXFileReference section */

/* Begin PBXFrameworksBuildPhase section */
		75D260412020081400605DAD /* Frameworks */ = {
			isa = PBXFrameworksBuildPhase;
			buildActionMask = 2147483647;
			files = (
			);
			runOnlyForDeploymentPostprocessing = 0;
		};
		75D260592020081400605DAD /* Frameworks */ = {
			isa = PBXFrameworksBuildPhase;
			buildActionMask = 2147483647;
			files = (
			);
			runOnlyForDeploymentPostprocessing = 0;
		};
		75D260642020081400605DAD /* Frameworks */ = {
			isa = PBXFrameworksBuildPhase;
			buildActionMask = 2147483647;
			files = (
			);
			runOnlyForDeploymentPostprocessing = 0;
		};
/* End PBXFrameworksBuildPhase section */

/* Begin PBXGroup section */
		7580FCE6218EADD400F926E7 /* WJDCollectionView */ = {
			isa = PBXGroup;
			children = (
				7580FCE7218EAE1200F926E7 /* WJDWaterfallLayout.h */,
				7580FCE8218EAE1200F926E7 /* WJDWaterfallLayout.m */,
			);
			path = WJDCollectionView;
			sourceTree = "<group>";
		};
		75A3519020CA1DDD006FC7BC /* Controllers */ = {
			isa = PBXGroup;
			children = (
				75A351AA20CA2155006FC7BC /* ViewController.h */,
				75A351AB20CA2155006FC7BC /* ViewController.m */,
			);
			path = Controllers;
			sourceTree = "<group>";
		};
		75A3519120CA1E3E006FC7BC /* Views */ = {
			isa = PBXGroup;
			children = (
			);
			path = Views;
			sourceTree = "<group>";
		};
		75A3519220CA1E57006FC7BC /* Model */ = {
			isa = PBXGroup;
			children = (
				75BEB62A20CE58C30061D031 /* WJDBaseModel.h */,
				75BEB62B20CE58C30061D031 /* WJDBaseModel.m */,
			);
			path = Model;
			sourceTree = "<group>";
		};
		75A3519A20CA1F6E006FC7BC /* WJD */ = {
			isa = PBXGroup;
			children = (
				7580FCE6218EADD400F926E7 /* WJDCollectionView */,
				75A3519E20CA2012006FC7BC /* WJDTabBar */,
				75A3519F20CA2034006FC7BC /* WJDNavigation */,
				75A351A020CA204D006FC7BC /* WJDViewController */,
			);
			path = WJD;
			sourceTree = "<group>";
		};
		75A3519E20CA2012006FC7BC /* WJDTabBar */ = {
			isa = PBXGroup;
			children = (
				75A351A120CA207B006FC7BC /* WJDTabBarVC.h */,
				75A351A220CA207B006FC7BC /* WJDTabBarVC.m */,
				75A351AD20CA6DE3006FC7BC /* WJDTabBar.h */,
				75A351AE20CA6DE3006FC7BC /* WJDTabBar.m */,
			);
			path = WJDTabBar;
			sourceTree = "<group>";
		};
		75A3519F20CA2034006FC7BC /* WJDNavigation */ = {
			isa = PBXGroup;
			children = (
				75A351A420CA20A7006FC7BC /* WJDNavigationVC.h */,
				75A351A520CA20A7006FC7BC /* WJDNavigationVC.m */,
				75FD576520EC5FED00CBD210 /* WJDNavigationView.h */,
				75FD576620EC5FED00CBD210 /* WJDNavigationView.m */,
				75FD576820EC601B00CBD210 /* WJDNavigationItem.h */,
				75FD576920EC601B00CBD210 /* WJDNavigationItem.m */,
			);
			path = WJDNavigation;
			sourceTree = "<group>";
		};
		75A351A020CA204D006FC7BC /* WJDViewController */ = {
			isa = PBXGroup;
			children = (
				75A351A720CA20D7006FC7BC /* WJDBaseViewController.h */,
				75A351A820CA20D7006FC7BC /* WJDBaseViewController.m */,
			);
			path = WJDViewController;
			sourceTree = "<group>";
		};
		75A351B020CA6E2D006FC7BC /* Category */ = {
			isa = PBXGroup;
			children = (
				75A351B120CA6E97006FC7BC /* UIView+Frame.h */,
				75A351B220CA6E97006FC7BC /* UIView+Frame.m */,
				7567B8DD20CF4A0600EAE063 /* NSURL+WJDURL.h */,
				7567B8DE20CF4A0600EAE063 /* NSURL+WJDURL.m */,
			);
			path = Category;
			sourceTree = "<group>";
		};
		75A351B420CA7356006FC7BC /* Common */ = {
			isa = PBXGroup;
			children = (
				75A351B620CA743B006FC7BC /* CommonHeader.h */,
				75BEB62720CE46BC0061D031 /* WJDReflection.h */,
				75BEB62820CE46BC0061D031 /* WJDReflection.m */,
				7567B8E020CF67B200EAE063 /* WJDDeviceTool.h */,
				7567B8E120CF67B200EAE063 /* WJDDeviceTool.m */,
			);
			path = Common;
			sourceTree = "<group>";
		};
		75D2603B2020081400605DAD = {
			isa = PBXGroup;
			children = (
				75D260462020081400605DAD /* MyFirstProject */,
				75D2605F2020081400605DAD /* MyFirstProjectTests */,
				75D2606A2020081400605DAD /* MyFirstProjectUITests */,
				75D260452020081400605DAD /* Products */,
			);
			sourceTree = "<group>";
		};
		75D260452020081400605DAD /* Products */ = {
			isa = PBXGroup;
			children = (
				75D260442020081400605DAD /* MyFirstProject.app */,
				75D2605C2020081400605DAD /* MyFirstProjectTests.xctest */,
				75D260672020081400605DAD /* MyFirstProjectUITests.xctest */,
			);
			name = Products;
			sourceTree = "<group>";
		};
		75D260462020081400605DAD /* MyFirstProject */ = {
			isa = PBXGroup;
			children = (
				75A3519A20CA1F6E006FC7BC /* WJD */,
				75A3519020CA1DDD006FC7BC /* Controllers */,
				75A3519120CA1E3E006FC7BC /* Views */,
				75A3519220CA1E57006FC7BC /* Model */,
				75A351B020CA6E2D006FC7BC /* Category */,
				75A351B420CA7356006FC7BC /* Common */,
				75D260472020081400605DAD /* AppDelegate.h */,
				75D260482020081400605DAD /* AppDelegate.m */,
				75D2604D2020081400605DAD /* Main.storyboard */,
				75D260502020081400605DAD /* Assets.xcassets */,
				75D260522020081400605DAD /* LaunchScreen.storyboard */,
				75D260552020081400605DAD /* Info.plist */,
				75D260562020081400605DAD /* main.m */,
			);
			path = MyFirstProject;
			sourceTree = "<group>";
		};
		75D2605F2020081400605DAD /* MyFirstProjectTests */ = {
			isa = PBXGroup;
			children = (
				75D260602020081400605DAD /* MyFirstProjectTests.m */,
				75D260622020081400605DAD /* Info.plist */,
			);
			path = MyFirstProjectTests;
			sourceTree = "<group>";
		};
		75D2606A2020081400605DAD /* MyFirstProjectUITests */ = {
			isa = PBXGroup;
			children = (
				75D2606B2020081400605DAD /* MyFirstProjectUITests.m */,
				75D2606D2020081400605DAD /* Info.plist */,
			);
			path = MyFirstProjectUITests;
			sourceTree = "<group>";
		};
/* End PBXGroup section */

/* Begin PBXNativeTarget section */
		75D260432020081400605DAD /* MyFirstProject */ = {
			isa = PBXNativeTarget;
			buildConfigurationList = 75D260702020081400605DAD /* Build configuration list for PBXNativeTarget "MyFirstProject" */;
			buildPhases = (
				75D260402020081400605DAD /* Sources */,
				75D260412020081400605DAD /* Frameworks */,
				75D260422020081400605DAD /* Resources */,
			);
			buildRules = (
			);
			dependencies = (
			);
			name = MyFirstProject;
			productName = MyFirstProject;
			productReference = 75D260442020081400605DAD /* MyFirstProject.app */;
			productType = "com.apple.product-type.application";
		};
		75D2605B2020081400605DAD /* MyFirstProjectTests */ = {
			isa = PBXNativeTarget;
			buildConfigurationList = 75D260732020081400605DAD /* Build configuration list for PBXNativeTarget "MyFirstProjectTests" */;
			buildPhases = (
				75D260582020081400605DAD /* Sources */,
				75D260592020081400605DAD /* Frameworks */,
				75D2605A2020081400605DAD /* Resources */,
			);
			buildRules = (
			);
			dependencies = (
				75D2605E2020081400605DAD /* PBXTargetDependency */,
			);
			name = MyFirstProjectTests;
			productName = MyFirstProjectTests;
			productReference = 75D2605C2020081400605DAD /* MyFirstProjectTests.xctest */;
			productType = "com.apple.product-type.bundle.unit-test";
		};
		75D260662020081400605DAD /* MyFirstProjectUITests */ = {
			isa = PBXNativeTarget;
			buildConfigurationList = 75D260762020081400605DAD /* Build configuration list for PBXNativeTarget "MyFirstProjectUITests" */;
			buildPhases = (
				75D260632020081400605DAD /* Sources */,
				75D260642020081400605DAD /* Frameworks */,
				75D260652020081400605DAD /* Resources */,
			);
			buildRules = (
			);
			dependencies = (
				75D260692020081400605DAD /* PBXTargetDependency */,
			);
			name = MyFirstProjectUITests;
			productName = MyFirstProjectUITests;
			productReference = 75D260672020081400605DAD /* MyFirstProjectUITests.xctest */;
			productType = "com.apple.product-type.bundle.ui-testing";
		};
/* End PBXNativeTarget section */

/* Begin PBXProject section */
		75D2603C2020081400605DAD /* Project object */ = {
			isa = PBXProject;
			attributes = {
				CLASSPREFIX = WJD;
				LastUpgradeCheck = 0940;
				ORGANIZATIONNAME = www.wangjundong.com;
				TargetAttributes = {
					75D260432020081400605DAD = {
						CreatedOnToolsVersion = 9.2;
						ProvisioningStyle = Automatic;
					};
					75D2605B2020081400605DAD = {
						CreatedOnToolsVersion = 9.2;
						ProvisioningStyle = Automatic;
						TestTargetID = 75D260432020081400605DAD;
					};
					75D260662020081400605DAD = {
						CreatedOnToolsVersion = 9.2;
						ProvisioningStyle = Automatic;
						TestTargetID = 75D260432020081400605DAD;
					};
				};
			};
			buildConfigurationList = 75D2603F2020081400605DAD /* Build configuration list for PBXProject "MyFirstProject" */;
			compatibilityVersion = "Xcode 8.0";
			developmentRegion = en;
			hasScannedForEncodings = 0;
			knownRegions = (
				en,
				Base,
			);
			mainGroup = 75D2603B2020081400605DAD;
			productRefGroup = 75D260452020081400605DAD /* Products */;
			projectDirPath = "";
			projectRoot = "";
			targets = (
				75D260432020081400605DAD /* MyFirstProject */,
				75D2605B2020081400605DAD /* MyFirstProjectTests */,
				75D260662020081400605DAD /* MyFirstProjectUITests */,
			);
		};
/* End PBXProject section */

/* Begin PBXResourcesBuildPhase section */
		75D260422020081400605DAD /* Resources */ = {
			isa = PBXResourcesBuildPhase;
			buildActionMask = 2147483647;
			files = (
				75D260542020081400605DAD /* LaunchScreen.storyboard in Resources */,
				75D260512020081400605DAD /* Assets.xcassets in Resources */,
				75D2604F2020081400605DAD /* Main.storyboard in Resources */,
			);
			runOnlyForDeploymentPostprocessing = 0;
		};
		75D2605A2020081400605DAD /* Resources */ = {
			isa = PBXResourcesBuildPhase;
			buildActionMask = 2147483647;
			files = (
			);
			runOnlyForDeploymentPostprocessing = 0;
		};
		75D260652020081400605DAD /* Resources */ = {
			isa = PBXResourcesBuildPhase;
			buildActionMask = 2147483647;
			files = (
			);
			runOnlyForDeploymentPostprocessing = 0;
		};
/* End PBXResourcesBuildPhase section */

/* Begin PBXSourcesBuildPhase section */
		75D260402020081400605DAD /* Sources */ = {
			isa = PBXSourcesBuildPhase;
			buildActionMask = 2147483647;
			files = (
				75FD576A20EC601B00CBD210 /* WJDNavigationItem.m in Sources */,
				75A351B320CA6E97006FC7BC /* UIView+Frame.m in Sources */,
				7567B8E220CF67B200EAE063 /* WJDDeviceTool.m in Sources */,
				7580FCE9218EAE1200F926E7 /* WJDWaterfallLayout.m in Sources */,
				7567B8DF20CF4A0600EAE063 /* NSURL+WJDURL.m in Sources */,
				75A351AC20CA2155006FC7BC /* ViewController.m in Sources */,
				75A351A320CA207B006FC7BC /* WJDTabBarVC.m in Sources */,
				75D260572020081400605DAD /* main.m in Sources */,
				75A351A620CA20A7006FC7BC /* WJDNavigationVC.m in Sources */,
				75D260492020081400605DAD /* AppDelegate.m in Sources */,
				75BEB62920CE46BC0061D031 /* WJDReflection.m in Sources */,
				75FD576720EC5FED00CBD210 /* WJDNavigationView.m in Sources */,
				75A351AF20CA6DE3006FC7BC /* WJDTabBar.m in Sources */,
				75BEB62C20CE58C30061D031 /* WJDBaseModel.m in Sources */,
				75A351A920CA20D7006FC7BC /* WJDBaseViewController.m in Sources */,
			);
			runOnlyForDeploymentPostprocessing = 0;
		};
		75D260582020081400605DAD /* Sources */ = {
			isa = PBXSourcesBuildPhase;
			buildActionMask = 2147483647;
			files = (
				75D260612020081400605DAD /* MyFirstProjectTests.m in Sources */,
			);
			runOnlyForDeploymentPostprocessing = 0;
		};
		75D260632020081400605DAD /* Sources */ = {
			isa = PBXSourcesBuildPhase;
			buildActionMask = 2147483647;
			files = (
				75D2606C2020081400605DAD /* MyFirstProjectUITests.m in Sources */,
			);
			runOnlyForDeploymentPostprocessing = 0;
		};
/* End PBXSourcesBuildPhase section */

/* Begin PBXTargetDependency section */
		75D2605E2020081400605DAD /* PBXTargetDependency */ = {
			isa = PBXTargetDependency;
			target = 75D260432020081400605DAD /* MyFirstProject */;
			targetProxy = 75D2605D2020081400605DAD /* PBXContainerItemProxy */;
		};
		75D260692020081400605DAD /* PBXTargetDependency */ = {
			isa = PBXTargetDependency;
			target = 75D260432020081400605DAD /* MyFirstProject */;
			targetProxy = 75D260682020081400605DAD /* PBXContainerItemProxy */;
		};
/* End PBXTargetDependency section */

/* Begin PBXVariantGroup section */
		75D2604D2020081400605DAD /* Main.storyboard */ = {
			isa = PBXVariantGroup;
			children = (
				75D2604E2020081400605DAD /* Base */,
			);
			name = Main.storyboard;
			sourceTree = "<group>";
		};
		75D260522020081400605DAD /* LaunchScreen.storyboard */ = {
			isa = PBXVariantGroup;
			children = (
				75D260532020081400605DAD /* Base */,
			);
			name = LaunchScreen.storyboard;
			sourceTree = "<group>";
		};
/* End PBXVariantGroup section */

/* Begin XCBuildConfiguration section */
		75D2606E2020081400605DAD /* Debug */ = {
			isa = XCBuildConfiguration;
			buildSettings = {
				ALWAYS_SEARCH_USER_PATHS = NO;
				CLANG_ANALYZER_NONNULL = YES;
				CLANG_ANALYZER_NUMBER_OBJECT_CONVERSION = YES_AGGRESSIVE;
				CLANG_CXX_LANGUAGE_STANDARD = "gnu++14";
				CLANG_CXX_LIBRARY = "libc++";
				CLANG_ENABLE_MODULES = YES;
				CLANG_ENABLE_OBJC_ARC = YES;
				CLANG_WARN_BLOCK_CAPTURE_AUTORELEASING = YES;
				CLANG_WARN_BOOL_CONVERSION = YES;
				CLANG_WARN_COMMA = YES;
				CLANG_WARN_CONSTANT_CONVERSION = YES;
				CLANG_WARN_DEPRECATED_OBJC_IMPLEMENTATIONS = YES;
				CLANG_WARN_DIRECT_OBJC_ISA_USAGE = YES_ERROR;
				CLANG_WARN_DOCUMENTATION_COMMENTS = YES;
				CLANG_WARN_EMPTY_BODY = YES;
				CLANG_WARN_ENUM_CONVERSION = YES;
				CLANG_WARN_INFINITE_RECURSION = YES;
				CLANG_WARN_INT_CONVERSION = YES;
				CLANG_WARN_NON_LITERAL_NULL_CONVERSION = YES;
				CLANG_WARN_OBJC_IMPLICIT_RETAIN_SELF = YES;
				CLANG_WARN_OBJC_LITERAL_CONVERSION = YES;
				CLANG_WARN_OBJC_ROOT_CLASS = YES_ERROR;
				CLANG_WARN_RANGE_LOOP_ANALYSIS = YES;
				CLANG_WARN_STRICT_PROTOTYPES = YES;
				CLANG_WARN_SUSPICIOUS_MOVE = YES;
				CLANG_WARN_UNGUARDED_AVAILABILITY = YES_AGGRESSIVE;
				CLANG_WARN_UNREACHABLE_CODE = YES;
				CLANG_WARN__DUPLICATE_METHOD_MATCH = YES;
				CODE_SIGN_IDENTITY = "iPhone Developer";
				COPY_PHASE_STRIP = NO;
				DEBUG_INFORMATION_FORMAT = dwarf;
				ENABLE_STRICT_OBJC_MSGSEND = YES;
				ENABLE_TESTABILITY = YES;
				GCC_C_LANGUAGE_STANDARD = gnu11;
				GCC_DYNAMIC_NO_PIC = NO;
				GCC_NO_COMMON_BLOCKS = YES;
				GCC_OPTIMIZATION_LEVEL = 0;
				GCC_PREPROCESSOR_DEFINITIONS = (
					"DEBUG=1",
					"$(inherited)",
				);
				GCC_WARN_64_TO_32_BIT_CONVERSION = YES;
				GCC_WARN_ABOUT_RETURN_TYPE = YES_ERROR;
				GCC_WARN_UNDECLARED_SELECTOR = YES;
				GCC_WARN_UNINITIALIZED_AUTOS = YES_AGGRESSIVE;
				GCC_WARN_UNUSED_FUNCTION = YES;
				GCC_WARN_UNUSED_VARIABLE = YES;
				IPHONEOS_DEPLOYMENT_TARGET = 9.0;
				MTL_ENABLE_DEBUG_INFO = YES;
				ONLY_ACTIVE_ARCH = YES;
				SDKROOT = iphoneos;
			};
			name = Debug;
		};
		75D2606F2020081400605DAD /* Release */ = {
			isa = XCBuildConfiguration;
			buildSettings = {
				ALWAYS_SEARCH_USER_PATHS = NO;
				CLANG_ANALYZER_NONNULL = YES;
				CLANG_ANALYZER_NUMBER_OBJECT_CONVERSION = YES_AGGRESSIVE;
				CLANG_CXX_LANGUAGE_STANDARD = "gnu++14";
				CLANG_CXX_LIBRARY = "libc++";
				CLANG_ENABLE_MODULES = YES;
				CLANG_ENABLE_OBJC_ARC = YES;
				CLANG_WARN_BLOCK_CAPTURE_AUTORELEASING = YES;
				CLANG_WARN_BOOL_CONVERSION = YES;
				CLANG_WARN_COMMA = YES;
				CLANG_WARN_CONSTANT_CONVERSION = YES;
				CLANG_WARN_DEPRECATED_OBJC_IMPLEMENTATIONS = YES;
				CLANG_WARN_DIRECT_OBJC_ISA_USAGE = YES_ERROR;
				CLANG_WARN_DOCUMENTATION_COMMENTS = YES;
				CLANG_WARN_EMPTY_BODY = YES;
				CLANG_WARN_ENUM_CONVERSION = YES;
				CLANG_WARN_INFINITE_RECURSION = YES;
				CLANG_WARN_INT_CONVERSION = YES;
				CLANG_WARN_NON_LITERAL_NULL_CONVERSION = YES;
				CLANG_WARN_OBJC_IMPLICIT_RETAIN_SELF = YES;
				CLANG_WARN_OBJC_LITERAL_CONVERSION = YES;
				CLANG_WARN_OBJC_ROOT_CLASS = YES_ERROR;
				CLANG_WARN_RANGE_LOOP_ANALYSIS = YES;
				CLANG_WARN_STRICT_PROTOTYPES = YES;
				CLANG_WARN_SUSPICIOUS_MOVE = YES;
				CLANG_WARN_UNGUARDED_AVAILABILITY = YES_AGGRESSIVE;
				CLANG_WARN_UNREACHABLE_CODE = YES;
				CLANG_WARN__DUPLICATE_METHOD_MATCH = YES;
				CODE_SIGN_IDENTITY = "iPhone Developer";
				COPY_PHASE_STRIP = NO;
				DEBUG_INFORMATION_FORMAT = "dwarf-with-dsym";
				ENABLE_NS_ASSERTIONS = NO;
				ENABLE_STRICT_OBJC_MSGSEND = YES;
				GCC_C_LANGUAGE_STANDARD = gnu11;
				GCC_NO_COMMON_BLOCKS = YES;
				GCC_WARN_64_TO_32_BIT_CONVERSION = YES;
				GCC_WARN_ABOUT_RETURN_TYPE = YES_ERROR;
				GCC_WARN_UNDECLARED_SELECTOR = YES;
				GCC_WARN_UNINITIALIZED_AUTOS = YES_AGGRESSIVE;
				GCC_WARN_UNUSED_FUNCTION = YES;
				GCC_WARN_UNUSED_VARIABLE = YES;
				IPHONEOS_DEPLOYMENT_TARGET = 9.0;
				MTL_ENABLE_DEBUG_INFO = NO;
				SDKROOT = iphoneos;
				VALIDATE_PRODUCT = YES;
			};
			name = Release;
		};
		75D260712020081400605DAD /* Debug */ = {
			isa = XCBuildConfiguration;
			buildSettings = {
				ASSETCATALOG_COMPILER_APPICON_NAME = AppIcon;
				CLANG_WARN_STRICT_PROTOTYPES = YES;
				CODE_SIGN_STYLE = Automatic;
				DEVELOPMENT_TEAM = 5DG6EH88W5;
				ENABLE_STRICT_OBJC_MSGSEND = NO;
				INFOPLIST_FILE = MyFirstProject/Info.plist;
				LD_RUNPATH_SEARCH_PATHS = "$(inherited) @executable_path/Frameworks";
				PRODUCT_BUNDLE_IDENTIFIER = com.wjd.MyFirstProject;
				PRODUCT_NAME = "$(TARGET_NAME)";
				TARGETED_DEVICE_FAMILY = 1;
			};
			name = Debug;
		};
		75D260722020081400605DAD /* Release */ = {
			isa = XCBuildConfiguration;
			buildSettings = {
				ASSETCATALOG_COMPILER_APPICON_NAME = AppIcon;
				CLANG_WARN_STRICT_PROTOTYPES = YES;
				CODE_SIGN_STYLE = Automatic;
				DEVELOPMENT_TEAM = 5DG6EH88W5;
				ENABLE_STRICT_OBJC_MSGSEND = NO;
				INFOPLIST_FILE = MyFirstProject/Info.plist;
				LD_RUNPATH_SEARCH_PATHS = "$(inherited) @executable_path/Frameworks";
				PRODUCT_BUNDLE_IDENTIFIER = com.wjd.MyFirstProject;
				PRODUCT_NAME = "$(TARGET_NAME)";
				TARGETED_DEVICE_FAMILY = 1;
			};
			name = Release;
		};
		75D260742020081400605DAD /* Debug */ = {
			isa = XCBuildConfiguration;
			buildSettings = {
				BUNDLE_LOADER = "$(TEST_HOST)";
				CODE_SIGN_STYLE = Automatic;
				DEVELOPMENT_TEAM = 5DG6EH88W5;
				INFOPLIST_FILE = MyFirstProjectTests/Info.plist;
				LD_RUNPATH_SEARCH_PATHS = "$(inherited) @executable_path/Frameworks @loader_path/Frameworks";
				PRODUCT_BUNDLE_IDENTIFIER = com.wjd.MyFirstProjectTests;
				PRODUCT_NAME = "$(TARGET_NAME)";
				TARGETED_DEVICE_FAMILY = "1,2";
				TEST_HOST = "$(BUILT_PRODUCTS_DIR)/MyFirstProject.app/MyFirstProject";
			};
			name = Debug;
		};
		75D260752020081400605DAD /* Release */ = {
			isa = XCBuildConfiguration;
			buildSettings = {
				BUNDLE_LOADER = "$(TEST_HOST)";
				CODE_SIGN_STYLE = Automatic;
				DEVELOPMENT_TEAM = 5DG6EH88W5;
				INFOPLIST_FILE = MyFirstProjectTests/Info.plist;
				LD_RUNPATH_SEARCH_PATHS = "$(inherited) @executable_path/Frameworks @loader_path/Frameworks";
				PRODUCT_BUNDLE_IDENTIFIER = com.wjd.MyFirstProjectTests;
				PRODUCT_NAME = "$(TARGET_NAME)";
				TARGETED_DEVICE_FAMILY = "1,2";
				TEST_HOST = "$(BUILT_PRODUCTS_DIR)/MyFirstProject.app/MyFirstProject";
			};
			name = Release;
		};
		75D260772020081400605DAD /* Debug */ = {
			isa = XCBuildConfiguration;
			buildSettings = {
				CODE_SIGN_STYLE = Automatic;
				DEVELOPMENT_TEAM = 5DG6EH88W5;
				INFOPLIST_FILE = MyFirstProjectUITests/Info.plist;
				LD_RUNPATH_SEARCH_PATHS = "$(inherited) @executable_path/Frameworks @loader_path/Frameworks";
				PRODUCT_BUNDLE_IDENTIFIER = com.wjd.MyFirstProjectUITests;
				PRODUCT_NAME = "$(TARGET_NAME)";
				TARGETED_DEVICE_FAMILY = "1,2";
				TEST_TARGET_NAME = MyFirstProject;
			};
			name = Debug;
		};
		75D260782020081400605DAD /* Release */ = {
			isa = XCBuildConfiguration;
			buildSettings = {
				CODE_SIGN_STYLE = Automatic;
				DEVELOPMENT_TEAM = 5DG6EH88W5;
				INFOPLIST_FILE = MyFirstProjectUITests/Info.plist;
				LD_RUNPATH_SEARCH_PATHS = "$(inherited) @executable_path/Frameworks @loader_path/Frameworks";
				PRODUCT_BUNDLE_IDENTIFIER = com.wjd.MyFirstProjectUITests;
				PRODUCT_NAME = "$(TARGET_NAME)";
				TARGETED_DEVICE_FAMILY = "1,2";
				TEST_TARGET_NAME = MyFirstProject;
			};
			name = Release;
		};
/* End XCBuildConfiguration section */

/* Begin XCConfigurationList section */
		75D2603F2020081400605DAD /* Build configuration list for PBXProject "MyFirstProject" */ = {
			isa = XCConfigurationList;
			buildConfigurations = (
				75D2606E2020081400605DAD /* Debug */,
				75D2606F2020081400605DAD /* Release */,
			);
			defaultConfigurationIsVisible = 0;
			defaultConfigurationName = Release;
		};
		75D260702020081400605DAD /* Build configuration list for PBXNativeTarget "MyFirstProject" */ = {
			isa = XCConfigurationList;
			buildConfigurations = (
				75D260712020081400605DAD /* Debug */,
				75D260722020081400605DAD /* Release */,
			);
			defaultConfigurationIsVisible = 0;
			defaultConfigurationName = Release;
		};
		75D260732020081400605DAD /* Build configuration list for PBXNativeTarget "MyFirstProjectTests" */ = {
			isa = XCConfigurationList;
			buildConfigurations = (
				75D260742020081400605DAD /* Debug */,
				75D260752020081400605DAD /* Release */,
			);
			defaultConfigurationIsVisible = 0;
			defaultConfigurationName = Release;
		};
		75D260762020081400605DAD /* Build configuration list for PBXNativeTarget "MyFirstProjectUITests" */ = {
			isa = XCConfigurationList;
			buildConfigurations = (
				75D260772020081400605DAD /* Debug */,
				75D260782020081400605DAD /* Release */,
			);
			defaultConfigurationIsVisible = 0;
			defaultConfigurationName = Release;
		};
/* End XCConfigurationList section */
	};
	rootObject = 75D2603C2020081400605DAD /* Project object */;
}
